
Microsoft Visual Studio Solution File, Format Version 11.00
# Visual Studio 2010
Project("{FAE04EC0-301F-11D3-BF4B-00C04F79EFBC}") = "Gunfish", "Assembly-CSharp.csproj", "{8C30380F-235F-5961-7336-C0935AD825E1}"
EndProject
Project("{FAE04EC0-301F-11D3-BF4B-00C04F79EFBC}") = "Gunfish", "Assembly-CSharp-firstpass.csproj", "{71334AB7-9B52-BAD1-7F16-1597B6280DDE}"
EndProject
Project("{FAE04EC0-301F-11D3-BF4B-00C04F79EFBC}") = "Gunfish", "Assembly-CSharp-Editor-firstpass.csproj", "{9B31984E-547A-F019-DD1B-905A777F4C39}"
EndProject
Global
	GlobalSection(SolutionConfigurationPlatforms) = preSolution
		Debug|Any CPU = Debug|Any CPU
		Release|Any CPU = Release|Any CPU
	EndGlobalSection
	GlobalSection(ProjectConfigurationPlatforms) = postSolution
		{8C30380F-235F-5961-7336-C0935AD825E1}.Debug|Any CPU.ActiveCfg = Debug|Any CPU
		{8C30380F-235F-5961-7336-C0935AD825E1}.Debug|Any CPU.Build.0 = Debug|Any CPU
		{8C30380F-235F-5961-7336-C0935AD825E1}.Release|Any CPU.ActiveCfg = Release|Any CPU
		{8C30380F-235F-5961-7336-C0935AD825E1}.Release|Any CPU.Build.0 = Release|Any CPU
		{71334AB7-9B52-BAD1-7F16-1597B6280DDE}.Debug|Any CPU.ActiveCfg = Debug|Any CPU
		{71334AB7-9B52-BAD1-7F16-1597B6280DDE}.Debug|Any CPU.Build.0 = Debug|Any CPU
		{71334AB7-9B52-BAD1-7F16-1597B6280DDE}.Release|Any CPU.ActiveCfg = Release|Any CPU
		{71334AB7-9B52-BAD1-7F16-1597B6280DDE}.Release|Any CPU.Build.0 = Release|Any CPU
		{9B31984E-547A-F019-DD1B-905A777F4C39}.Debug|Any CPU.ActiveCfg = Debug|Any CPU
		{9B31984E-547A-F019-DD1B-905A777F4C39}.Debug|Any CPU.Build.0 = Debug|Any CPU
		{9B31984E-547A-F019-DD1B-905A777F4C39}.Release|Any CPU.ActiveCfg = Release|Any CPU
		{9B31984E-547A-F019-DD1B-905A777F4C39}.Release|Any CPU.Build.0 = Release|Any CPU
	EndGlobalSection
	GlobalSection(SolutionProperties) = preSolution
		HideSolutionNode = FALSE
	EndGlobalSection
	GlobalSection(MonoDevelopProperties) = preSolution
		StartupItem = Assembly-CSharp.csproj
	EndGlobalSection
EndGlobal
